PODS:
  - advertising_identifier (0.1.2):
    - advertising_identifier/vendor (= 0.1.2)
    - Flutter
  - advertising_identifier/vendor (0.1.2):
    - Flutter
  - Flutter (1.0.0)

DEPENDENCIES:
  - advertising_identifier (from `.symlinks/plugins/advertising_identifier/ios`)
  - Flutter (from `Flutter`)

EXTERNAL SOURCES:
  advertising_identifier:
    :path: ".symlinks/plugins/advertising_identifier/ios"
  Flutter:
    :path: Flutter

SPEC CHECKSUMS:
  advertising_identifier: 9e9d429af9bd21d507539dae81754518f3aea0ae
  Flutter: 50d75fe2f02b26cc09d224853bb45737f8b3214a

PODFILE CHECKSUM: 8e679eca47255a8ca8067c4c67aab20e64cb974d

COCOAPODS: 1.11.2
